
Microsoft Visual Studio Solution File, Format Version 12.00
# Visual Studio Version 17
VisualStudioVersion = 17.9.34728.123
MinimumVisualStudioVersion = 10.0.40219.1
Project("{FAE04EC0-301F-11D3-BF4B-00C04F79EFBC}") = "SalaryApi", "SalaryApi.csproj", "{13D3D48C-8E77-4FEA-A038-952B1EF1B9ED}"
EndProject
Global
	GlobalSection(SolutionConfigurationPlatforms) = preSolution
		Debug|Any CPU = Debug|Any CPU
		Release|Any CPU = Release|Any CPU
	EndGlobalSection
	GlobalSection(ProjectConfigurationPlatforms) = postSolution
		{13D3D48C-8E77-4FEA-A038-952B1EF1B9ED}.Debug|Any CPU.ActiveCfg = Debug|Any CPU
		{13D3D48C-8E77-4FEA-A038-952B1EF1B9ED}.Debug|Any CPU.Build.0 = Debug|Any CPU
		{13D3D48C-8E77-4FEA-A038-952B1EF1B9ED}.Release|Any CPU.ActiveCfg = Release|Any CPU
		{13D3D48C-8E77-4FEA-A038-952B1EF1B9ED}.Release|Any CPU.Build.0 = Release|Any CPU
	EndGlobalSection
	GlobalSection(SolutionProperties) = preSolution
		HideSolutionNode = FALSE
	EndGlobalSection
	GlobalSection(ExtensibilityGlobals) = postSolution
		SolutionGuid = {56A16828-AE9C-4666-B730-9A6A92AEE518}
	EndGlobalSection
EndGlobal
